
Microsoft Visual Studio Solution File, Format Version 12.00
# Visual Studio Version 17
VisualStudioVersion = 17.10.34916.146
MinimumVisualStudioVersion = 10.0.40219.1
Project("{8BC9CEB8-8B4A-11D0-8D11-00A0C91BC942}") = "ConsoleApplication1", "ConsoleApplication1\ConsoleApplication1.vcxproj", "{F62BD20F-B963-420E-9FBC-278D08CD138A}"
EndProject
Global
	GlobalSection(SolutionConfigurationPlatforms) = preSolution
		Debug|x64 = Debug|x64
		Debug|x86 = Debug|x86
		Release|x64 = Release|x64
		Release|x86 = Release|x86
	EndGlobalSection
	GlobalSection(ProjectConfigurationPlatforms) = postSolution
		{F62BD20F-B963-420E-9FBC-278D08CD138A}.Debug|x64.ActiveCfg = Debug|x64
		{F62BD20F-B963-420E-9FBC-278D08CD138A}.Debug|x64.Build.0 = Debug|x64
		{F62BD20F-B963-420E-9FBC-278D08CD138A}.Debug|x86.ActiveCfg = Debug|Win32
		{F62BD20F-B963-420E-9FBC-278D08CD138A}.Debug|x86.Build.0 = Debug|Win32
		{F62BD20F-B963-420E-9FBC-278D08CD138A}.Release|x64.ActiveCfg = Release|x64
		{F62BD20F-B963-420E-9FBC-278D08CD138A}.Release|x64.Build.0 = Release|x64
		{F62BD20F-B963-420E-9FBC-278D08CD138A}.Release|x86.ActiveCfg = Release|Win32
		{F62BD20F-B963-420E-9FBC-278D08CD138A}.Release|x86.Build.0 = Release|Win32
	EndGlobalSection
	GlobalSection(SolutionProperties) = preSolution
		HideSolutionNode = FALSE
	EndGlobalSection
	GlobalSection(ExtensibilityGlobals) = postSolution
		SolutionGuid = {CE9057A1-0ACF-4DD7-8882-E67C01DFEDE0}
	EndGlobalSection
EndGlobal
